
Microsoft Visual Studio Solution File, Format Version 12.00
# Visual Studio Version 17
VisualStudioVersion = 17.8.34330.188
MinimumVisualStudioVersion = 10.0.40219.1
Project("{9A19103F-16F7-4668-BE54-9A1E7A4F7556}") = "Server", "Server\Server.csproj", "{C474E126-7DF7-4058-A11E-2EDB166C33D0}"
EndProject
Project("{9A19103F-16F7-4668-BE54-9A1E7A4F7556}") = "Client", "Client\Client.csproj", "{199A19C0-4D1B-4BDE-A260-B5F8FA6AFDB5}"
EndProject
Project("{9A19103F-16F7-4668-BE54-9A1E7A4F7556}") = "ServerKursovayaWPF", "ServerKursovayaWPF\ServerKursovayaWPF.csproj", "{A1204989-69E4-4428-8E94-0B3E6C97AA03}"
EndProject
Project("{FAE04EC0-301F-11D3-BF4B-00C04F79EFBC}") = "Server1", "Server1\Server1.csproj", "{1BF5D44F-6B0C-48DF-86A2-093D83075594}"
EndProject
Global
	GlobalSection(SolutionConfigurationPlatforms) = preSolution
		Debug|Any CPU = Debug|Any CPU
		Release|Any CPU = Release|Any CPU
	EndGlobalSection
	GlobalSection(ProjectConfigurationPlatforms) = postSolution
		{C474E126-7DF7-4058-A11E-2EDB166C33D0}.Debug|Any CPU.ActiveCfg = Debug|Any CPU
		{C474E126-7DF7-4058-A11E-2EDB166C33D0}.Debug|Any CPU.Build.0 = Debug|Any CPU
		{C474E126-7DF7-4058-A11E-2EDB166C33D0}.Release|Any CPU.ActiveCfg = Release|Any CPU
		{C474E126-7DF7-4058-A11E-2EDB166C33D0}.Release|Any CPU.Build.0 = Release|Any CPU
		{199A19C0-4D1B-4BDE-A260-B5F8FA6AFDB5}.Debug|Any CPU.ActiveCfg = Debug|Any CPU
		{199A19C0-4D1B-4BDE-A260-B5F8FA6AFDB5}.Debug|Any CPU.Build.0 = Debug|Any CPU
		{199A19C0-4D1B-4BDE-A260-B5F8FA6AFDB5}.Release|Any CPU.ActiveCfg = Release|Any CPU
		{199A19C0-4D1B-4BDE-A260-B5F8FA6AFDB5}.Release|Any CPU.Build.0 = Release|Any CPU
		{A1204989-69E4-4428-8E94-0B3E6C97AA03}.Debug|Any CPU.ActiveCfg = Debug|Any CPU
		{A1204989-69E4-4428-8E94-0B3E6C97AA03}.Debug|Any CPU.Build.0 = Debug|Any CPU
		{A1204989-69E4-4428-8E94-0B3E6C97AA03}.Release|Any CPU.ActiveCfg = Release|Any CPU
		{A1204989-69E4-4428-8E94-0B3E6C97AA03}.Release|Any CPU.Build.0 = Release|Any CPU
		{1BF5D44F-6B0C-48DF-86A2-093D83075594}.Debug|Any CPU.ActiveCfg = Debug|Any CPU
		{1BF5D44F-6B0C-48DF-86A2-093D83075594}.Debug|Any CPU.Build.0 = Debug|Any CPU
		{1BF5D44F-6B0C-48DF-86A2-093D83075594}.Release|Any CPU.ActiveCfg = Release|Any CPU
		{1BF5D44F-6B0C-48DF-86A2-093D83075594}.Release|Any CPU.Build.0 = Release|Any CPU
	EndGlobalSection
	GlobalSection(SolutionProperties) = preSolution
		HideSolutionNode = FALSE
	EndGlobalSection
	GlobalSection(ExtensibilityGlobals) = postSolution
		SolutionGuid = {8D726ECD-3D44-455C-B5BC-C722F0595FC2}
	EndGlobalSection
EndGlobal
